
Microsoft Visual Studio Solution File, Format Version 12.00
# Visual Studio 15
VisualStudioVersion = 15.0.28307.757
MinimumVisualStudioVersion = 10.0.40219.1
Project("{FAE04EC0-301F-11D3-BF4B-00C04F79EFBC}") = "ItechArt.DrawioSharing", "ItechArt.DrawioSharing\ItechArt.DrawioSharing.csproj", "{74EFA863-65ED-4145-8D06-EA02D13E2301}"
EndProject
Project("{FAE04EC0-301F-11D3-BF4B-00C04F79EFBC}") = "ItechArt.Common", "ItechArt.Common\ItechArt.Common.csproj", "{4FDB73D6-1E5F-41E8-996D-84B2DBF53EE4}"
EndProject
Project("{FAE04EC0-301F-11D3-BF4B-00C04F79EFBC}") = "ItechArt.Repositories", "ItechArt.Repositories\ItechArt.Repositories.csproj", "{7150E4C1-9705-4C5E-93DF-5E82D2DE372E}"
EndProject
Project("{FAE04EC0-301F-11D3-BF4B-00C04F79EFBC}") = "ItechArt.DrawioSharing.UI", "ItechArt.DrawioSharing.UI\ItechArt.DrawioSharing.UI.csproj", "{D5478600-55DB-419A-BEF8-6B65210029E1}"
EndProject
Project("{FAE04EC0-301F-11D3-BF4B-00C04F79EFBC}") = "ItechArt.DrawioSharing.DomainModel", "ItechArt.DrawioSharing.DomainModel\ItechArt.DrawioSharing.DomainModel.csproj", "{EFAC988F-5FDE-4DBF-9A2A-6C7598067EEF}"
EndProject
Project("{FAE04EC0-301F-11D3-BF4B-00C04F79EFBC}") = "ItechArt.DrawioSharing.Foundation", "ItechArt.DrawioSharing.Foundation\ItechArt.DrawioSharing.Foundation.csproj", "{B2C83C73-3FA4-41D7-A5CE-6A8A1D579FBE}"
EndProject
Project("{FAE04EC0-301F-11D3-BF4B-00C04F79EFBC}") = "ItechArt.DrawioSharing.Repositories", "ItechArt.DrawioSharing.Repositories\ItechArt.DrawioSharing.Repositories.csproj", "{52FC9B61-868C-45C0-AC77-EFE34B6DC3CD}"
EndProject
Project("{2150E333-8FDC-42A3-9474-1A3956D46DE8}") = "ItechArt.DrawioSharing", "ItechArt.DrawioSharing", "{028A3C40-B44A-43DC-87F6-722CC7E4A341}"
EndProject
Project("{2150E333-8FDC-42A3-9474-1A3956D46DE8}") = "ItechArt", "ItechArt", "{D5AD736D-2EE3-4665-AB17-788D4EDA0A11}"
EndProject
Project("{FAE04EC0-301F-11D3-BF4B-00C04F79EFBC}") = "ItechArt.WPF", "ItechArt.DrawioSharing.WPF\ItechArt.WPF.csproj", "{2B9A25A1-7B1C-4542-AF5A-4C8330D981B7}"
EndProject
Project("{FAE04EC0-301F-11D3-BF4B-00C04F79EFBC}") = "ItechArt.DrawioSharing.Resources", "ItechArt.DrawioSharing.Resources\ItechArt.DrawioSharing.Resources.csproj", "{A9787F3D-B34A-4B4F-82C8-4260AFD6F254}"
EndProject
Global
	GlobalSection(SolutionConfigurationPlatforms) = preSolution
		Debug|Any CPU = Debug|Any CPU
		Release|Any CPU = Release|Any CPU
	EndGlobalSection
	GlobalSection(ProjectConfigurationPlatforms) = postSolution
		{74EFA863-65ED-4145-8D06-EA02D13E2301}.Debug|Any CPU.ActiveCfg = Debug|Any CPU
		{74EFA863-65ED-4145-8D06-EA02D13E2301}.Debug|Any CPU.Build.0 = Debug|Any CPU
		{74EFA863-65ED-4145-8D06-EA02D13E2301}.Release|Any CPU.ActiveCfg = Release|Any CPU
		{74EFA863-65ED-4145-8D06-EA02D13E2301}.Release|Any CPU.Build.0 = Release|Any CPU
		{4FDB73D6-1E5F-41E8-996D-84B2DBF53EE4}.Debug|Any CPU.ActiveCfg = Debug|Any CPU
		{4FDB73D6-1E5F-41E8-996D-84B2DBF53EE4}.Debug|Any CPU.Build.0 = Debug|Any CPU
		{4FDB73D6-1E5F-41E8-996D-84B2DBF53EE4}.Release|Any CPU.ActiveCfg = Release|Any CPU
		{4FDB73D6-1E5F-41E8-996D-84B2DBF53EE4}.Release|Any CPU.Build.0 = Release|Any CPU
		{7150E4C1-9705-4C5E-93DF-5E82D2DE372E}.Debug|Any CPU.ActiveCfg = Debug|Any CPU
		{7150E4C1-9705-4C5E-93DF-5E82D2DE372E}.Debug|Any CPU.Build.0 = Debug|Any CPU
		{7150E4C1-9705-4C5E-93DF-5E82D2DE372E}.Release|Any CPU.ActiveCfg = Release|Any CPU
		{7150E4C1-9705-4C5E-93DF-5E82D2DE372E}.Release|Any CPU.Build.0 = Release|Any CPU
		{D5478600-55DB-419A-BEF8-6B65210029E1}.Debug|Any CPU.ActiveCfg = Debug|Any CPU
		{D5478600-55DB-419A-BEF8-6B65210029E1}.Debug|Any CPU.Build.0 = Debug|Any CPU
		{D5478600-55DB-419A-BEF8-6B65210029E1}.Release|Any CPU.ActiveCfg = Release|Any CPU
		{D5478600-55DB-419A-BEF8-6B65210029E1}.Release|Any CPU.Build.0 = Release|Any CPU
		{EFAC988F-5FDE-4DBF-9A2A-6C7598067EEF}.Debug|Any CPU.ActiveCfg = Debug|Any CPU
		{EFAC988F-5FDE-4DBF-9A2A-6C7598067EEF}.Debug|Any CPU.Build.0 = Debug|Any CPU
		{EFAC988F-5FDE-4DBF-9A2A-6C7598067EEF}.Release|Any CPU.ActiveCfg = Release|Any CPU
		{EFAC988F-5FDE-4DBF-9A2A-6C7598067EEF}.Release|Any CPU.Build.0 = Release|Any CPU
		{B2C83C73-3FA4-41D7-A5CE-6A8A1D579FBE}.Debug|Any CPU.ActiveCfg = Debug|Any CPU
		{B2C83C73-3FA4-41D7-A5CE-6A8A1D579FBE}.Debug|Any CPU.Build.0 = Debug|Any CPU
		{B2C83C73-3FA4-41D7-A5CE-6A8A1D579FBE}.Release|Any CPU.ActiveCfg = Release|Any CPU
		{B2C83C73-3FA4-41D7-A5CE-6A8A1D579FBE}.Release|Any CPU.Build.0 = Release|Any CPU
		{52FC9B61-868C-45C0-AC77-EFE34B6DC3CD}.Debug|Any CPU.ActiveCfg = Debug|Any CPU
		{52FC9B61-868C-45C0-AC77-EFE34B6DC3CD}.Debug|Any CPU.Build.0 = Debug|Any CPU
		{52FC9B61-868C-45C0-AC77-EFE34B6DC3CD}.Release|Any CPU.ActiveCfg = Release|Any CPU
		{52FC9B61-868C-45C0-AC77-EFE34B6DC3CD}.Release|Any CPU.Build.0 = Release|Any CPU
		{2B9A25A1-7B1C-4542-AF5A-4C8330D981B7}.Debug|Any CPU.ActiveCfg = Debug|Any CPU
		{2B9A25A1-7B1C-4542-AF5A-4C8330D981B7}.Debug|Any CPU.Build.0 = Debug|Any CPU
		{2B9A25A1-7B1C-4542-AF5A-4C8330D981B7}.Release|Any CPU.ActiveCfg = Release|Any CPU
		{2B9A25A1-7B1C-4542-AF5A-4C8330D981B7}.Release|Any CPU.Build.0 = Release|Any CPU
		{A9787F3D-B34A-4B4F-82C8-4260AFD6F254}.Debug|Any CPU.ActiveCfg = Debug|Any CPU
		{A9787F3D-B34A-4B4F-82C8-4260AFD6F254}.Debug|Any CPU.Build.0 = Debug|Any CPU
		{A9787F3D-B34A-4B4F-82C8-4260AFD6F254}.Release|Any CPU.ActiveCfg = Release|Any CPU
		{A9787F3D-B34A-4B4F-82C8-4260AFD6F254}.Release|Any CPU.Build.0 = Release|Any CPU
	EndGlobalSection
	GlobalSection(SolutionProperties) = preSolution
		HideSolutionNode = FALSE
	EndGlobalSection
	GlobalSection(NestedProjects) = preSolution
		{74EFA863-65ED-4145-8D06-EA02D13E2301} = {028A3C40-B44A-43DC-87F6-722CC7E4A341}
		{4FDB73D6-1E5F-41E8-996D-84B2DBF53EE4} = {D5AD736D-2EE3-4665-AB17-788D4EDA0A11}
		{7150E4C1-9705-4C5E-93DF-5E82D2DE372E} = {D5AD736D-2EE3-4665-AB17-788D4EDA0A11}
		{D5478600-55DB-419A-BEF8-6B65210029E1} = {028A3C40-B44A-43DC-87F6-722CC7E4A341}
		{EFAC988F-5FDE-4DBF-9A2A-6C7598067EEF} = {028A3C40-B44A-43DC-87F6-722CC7E4A341}
		{B2C83C73-3FA4-41D7-A5CE-6A8A1D579FBE} = {028A3C40-B44A-43DC-87F6-722CC7E4A341}
		{52FC9B61-868C-45C0-AC77-EFE34B6DC3CD} = {028A3C40-B44A-43DC-87F6-722CC7E4A341}
		{2B9A25A1-7B1C-4542-AF5A-4C8330D981B7} = {D5AD736D-2EE3-4665-AB17-788D4EDA0A11}
		{A9787F3D-B34A-4B4F-82C8-4260AFD6F254} = {028A3C40-B44A-43DC-87F6-722CC7E4A341}
	EndGlobalSection
	GlobalSection(ExtensibilityGlobals) = postSolution
		SolutionGuid = {064977B3-182A-4478-B26E-344AF7BB697A}
	EndGlobalSection
EndGlobal
